// !$*UTF8*$!
{
	archiveVersion = 1;
	classes = {
	};
	objectVersion = 46;
	objects = {

/* Begin PBXBuildFile section */
		3038C7271FF3412C00B2C09C /* main.m in Sources */ = {isa = PBXBuildFile; fileRef = 3038C7261FF3412C00B2C09C /* main.m */; };
		3038C72A1FF3412C00B2C09C /* AppDelegate.m in Sources */ = {isa = PBXBuildFile; fileRef = 3038C7291FF3412C00B2C09C /* AppDelegate.m */; };
		3038C72D1FF3412C00B2C09C /* ViewController.m in Sources */ = {isa = PBXBuildFile; fileRef = 3038C72C1FF3412C00B2C09C /* ViewController.m */; };
		3038C7301FF3412C00B2C09C /* Main.storyboard in Resources */ = {isa = PBXBuildFile; fileRef = 3038C72E1FF3412C00B2C09C /* Main.storyboard */; };
		3038C7321FF3412C00B2C09C /* Assets.xcassets in Resources */ = {isa = PBXBuildFile; fileRef = 3038C7311FF3412C00B2C09C /* Assets.xcassets */; };
		3038C7351FF3412C00B2C09C /* LaunchScreen.storyboard in Resources */ = {isa = PBXBuildFile; fileRef = 3038C7331FF3412C00B2C09C /* LaunchScreen.storyboard */; };
		3038C73E1FF3500000B2C09C /* NextViewCtrl.m in Sources */ = {isa = PBXBuildFile; fileRef = 3038C73D1FF3500000B2C09C /* NextViewCtrl.m */; };
		9E36D3220D8F3677F406900C /* Pods_13RAC___.framework in Frameworks */ = {isa = PBXBuildFile; fileRef = B051EA5073BF5417F042FB11 /* Pods_13RAC___.framework */; };
/* End PBXBuildFile section */

/* Begin PBXFileReference section */
		3038C7221FF3412C00B2C09C /* 13RAC常见宏.app */ = {isa = PBXFileReference; explicitFileType = wrapper.application; includeInIndex = 0; path = "13RAC常见宏.app"; sourceTree = BUILT_PRODUCTS_DIR; };
		3038C7261FF3412C00B2C09C /* main.m */ = {isa = PBXFileReference; lastKnownFileType = sourcecode.c.objc; path = main.m; sourceTree = "<group>"; };
		3038C7281FF3412C00B2C09C /* AppDelegate.h */ = {isa = PBXFileReference; lastKnownFileType = sourcecode.c.h; path = AppDelegate.h; sourceTree = "<group>"; };
		3038C7291FF3412C00B2C09C /* AppDelegate.m */ = {isa = PBXFileReference; lastKnownFileType = sourcecode.c.objc; path = AppDelegate.m; sourceTree = "<group>"; };
		3038C72B1FF3412C00B2C09C /* ViewController.h */ = {isa = PBXFileReference; lastKnownFileType = sourcecode.c.h; path = ViewController.h; sourceTree = "<group>"; };
		3038C72C1FF3412C00B2C09C /* ViewController.m */ = {isa = PBXFileReference; lastKnownFileType = sourcecode.c.objc; path = ViewController.m; sourceTree = "<group>"; };
		3038C72F1FF3412C00B2C09C /* Base */ = {isa = PBXFileReference; lastKnownFileType = file.storyboard; name = Base; path = Base.lproj/Main.storyboard; sourceTree = "<group>"; };
		3038C7311FF3412C00B2C09C /* Assets.xcassets */ = {isa = PBXFileReference; lastKnownFileType = folder.assetcatalog; path = Assets.xcassets; sourceTree = "<group>"; };
		3038C7341FF3412C00B2C09C /* Base */ = {isa = PBXFileReference; lastKnownFileType = file.storyboard; name = Base; path = Base.lproj/LaunchScreen.storyboard; sourceTree = "<group>"; };
		3038C7361FF3412C00B2C09C /* Info.plist */ = {isa = PBXFileReference; lastKnownFileType = text.plist.xml; path = Info.plist; sourceTree = "<group>"; };
		3038C73C1FF3500000B2C09C /* NextViewCtrl.h */ = {isa = PBXFileReference; fileEncoding = 4; lastKnownFileType = sourcecode.c.h; path = NextViewCtrl.h; sourceTree = "<group>"; };
		3038C73D1FF3500000B2C09C /* NextViewCtrl.m */ = {isa = PBXFileReference; fileEncoding = 4; lastKnownFileType = sourcecode.c.objc; path = NextViewCtrl.m; sourceTree = "<group>"; };
		3AA9D7E515854F7522E5B761 /* Pods-13RAC常见宏.debug.xcconfig */ = {isa = PBXFileReference; includeInIndex = 1; lastKnownFileType = text.xcconfig; name = "Pods-13RAC常见宏.debug.xcconfig"; path = "Pods/Target Support Files/Pods-13RAC常见宏/Pods-13RAC常见宏.debug.xcconfig"; sourceTree = "<group>"; };
		735F7F0F17912C1DE53EC108 /* Pods-13RAC常见宏.release.xcconfig */ = {isa = PBXFileReference; includeInIndex = 1; lastKnownFileType = text.xcconfig; name = "Pods-13RAC常见宏.release.xcconfig"; path = "Pods/Target Support Files/Pods-13RAC常见宏/Pods-13RAC常见宏.release.xcconfig"; sourceTree = "<group>"; };
		B051EA5073BF5417F042FB11 /* Pods_13RAC___.framework */ = {isa = PBXFileReference; explicitFileType = wrapper.framework; includeInIndex = 0; path = "Pods_13RAC___.framework"; sourceTree = BUILT_PRODUCTS_DIR; };
/* End PBXFileReference section */

/* Begin PBXFrameworksBuildPhase section */
		3038C71F1FF3412C00B2C09C /* Frameworks */ = {
			isa = PBXFrameworksBuildPhase;
			buildActionMask = 2147483647;
			files = (
				9E36D3220D8F3677F406900C /* Pods_13RAC___.framework in Frameworks */,
			);
			runOnlyForDeploymentPostprocessing = 0;
		};
/* End PBXFrameworksBuildPhase section */

/* Begin PBXGroup section */
		3038C7191FF3412C00B2C09C = {
			isa = PBXGroup;
			children = (
				3038C7241FF3412C00B2C09C /* 13RAC常见宏 */,
				3038C7231FF3412C00B2C09C /* Products */,
				B5B47302CBBD46EFDC0F6E1B /* Pods */,
				7941642F998966546EB8A50E /* Frameworks */,
			);
			sourceTree = "<group>";
		};
		3038C7231FF3412C00B2C09C /* Products */ = {
			isa = PBXGroup;
			children = (
				3038C7221FF3412C00B2C09C /* 13RAC常见宏.app */,
			);
			name = Products;
			sourceTree = "<group>";
		};
		3038C7241FF3412C00B2C09C /* 13RAC常见宏 */ = {
			isa = PBXGroup;
			children = (
				3038C7281FF3412C00B2C09C /* AppDelegate.h */,
				3038C7291FF3412C00B2C09C /* AppDelegate.m */,
				3038C72B1FF3412C00B2C09C /* ViewController.h */,
				3038C72C1FF3412C00B2C09C /* ViewController.m */,
				3038C73C1FF3500000B2C09C /* NextViewCtrl.h */,
				3038C73D1FF3500000B2C09C /* NextViewCtrl.m */,
				3038C72E1FF3412C00B2C09C /* Main.storyboard */,
				3038C7311FF3412C00B2C09C /* Assets.xcassets */,
				3038C7331FF3412C00B2C09C /* LaunchScreen.storyboard */,
				3038C7361FF3412C00B2C09C /* Info.plist */,
				3038C7251FF3412C00B2C09C /* Supporting Files */,
			);
			path = "13RAC常见宏";
			sourceTree = "<group>";
		};
		3038C7251FF3412C00B2C09C /* Supporting Files */ = {
			isa = PBXGroup;
			children = (
				3038C7261FF3412C00B2C09C /* main.m */,
			);
			name = "Supporting Files";
			sourceTree = "<group>";
		};
		7941642F998966546EB8A50E /* Frameworks */ = {
			isa = PBXGroup;
			children = (
				B051EA5073BF5417F042FB11 /* Pods_13RAC___.framework */,
			);
			name = Frameworks;
			sourceTree = "<group>";
		};
		B5B47302CBBD46EFDC0F6E1B /* Pods */ = {
			isa = PBXGroup;
			children = (
				3AA9D7E515854F7522E5B761 /* Pods-13RAC常见宏.debug.xcconfig */,
				735F7F0F17912C1DE53EC108 /* Pods-13RAC常见宏.release.xcconfig */,
			);
			name = Pods;
			sourceTree = "<group>";
		};
/* End PBXGroup section */

/* Begin PBXNativeTarget section */
		3038C7211FF3412C00B2C09C /* 13RAC常见宏 */ = {
			isa = PBXNativeTarget;
			buildConfigurationList = 3038C7391FF3412C00B2C09C /* Build configuration list for PBXNativeTarget "13RAC常见宏" */;
			buildPhases = (
				8496FA8645DBA2FB953C1E69 /* [CP] Check Pods Manifest.lock */,
				3038C71E1FF3412C00B2C09C /* Sources */,
				3038C71F1FF3412C00B2C09C /* Frameworks */,
				3038C7201FF3412C00B2C09C /* Resources */,
				DACB6FCDB4B6CB9E67F36D71 /* [CP] Embed Pods Frameworks */,
				45FD3E293237ACD67D663625 /* [CP] Copy Pods Resources */,
			);
			buildRules = (
			);
			dependencies = (
			);
			name = "13RAC常见宏";
			productName = "13RAC常见宏";
			productReference = 3038C7221FF3412C00B2C09C /* 13RAC常见宏.app */;
			productType = "com.apple.product-type.application";
		};
/* End PBXNativeTarget section */

/* Begin PBXProject section */
		3038C71A1FF3412C00B2C09C /* Project object */ = {
			isa = PBXProject;
			attributes = {
				LastUpgradeCheck = 0830;
				ORGANIZATIONNAME = beyond;
				TargetAttributes = {
					3038C7211FF3412C00B2C09C = {
						CreatedOnToolsVersion = 8.3.3;
						ProvisioningStyle = Automatic;
					};
				};
			};
			buildConfigurationList = 3038C71D1FF3412C00B2C09C /* Build configuration list for PBXProject "13RAC常见宏" */;
			compatibilityVersion = "Xcode 3.2";
			developmentRegion = English;
			hasScannedForEncodings = 0;
			knownRegions = (
				en,
				Base,
			);
			mainGroup = 3038C7191FF3412C00B2C09C;
			productRefGroup = 3038C7231FF3412C00B2C09C /* Products */;
			projectDirPath = "";
			projectRoot = "";
			targets = (
				3038C7211FF3412C00B2C09C /* 13RAC常见宏 */,
			);
		};
/* End PBXProject section */

/* Begin PBXResourcesBuildPhase section */
		3038C7201FF3412C00B2C09C /* Resources */ = {
			isa = PBXResourcesBuildPhase;
			buildActionMask = 2147483647;
			files = (
				3038C7351FF3412C00B2C09C /* LaunchScreen.storyboard in Resources */,
				3038C7321FF3412C00B2C09C /* Assets.xcassets in Resources */,
				3038C7301FF3412C00B2C09C /* Main.storyboard in Resources */,
			);
			runOnlyForDeploymentPostprocessing = 0;
		};
/* End PBXResourcesBuildPhase section */

/* Begin PBXShellScriptBuildPhase section */
		45FD3E293237ACD67D663625 /* [CP] Copy Pods Resources */ = {
			isa = PBXShellScriptBuildPhase;
			buildActionMask = 2147483647;
			files = (
			);
			inputPaths = (
			);
			name = "[CP] Copy Pods Resources";
			outputPaths = (
			);
			runOnlyForDeploymentPostprocessing = 0;
			shellPath = /bin/sh;
			shellScript = "\"${SRCROOT}/Pods/Target Support Files/Pods-13RAC常见宏/Pods-13RAC常见宏-resources.sh\"\n";
			showEnvVarsInLog = 0;
		};
		8496FA8645DBA2FB953C1E69 /* [CP] Check Pods Manifest.lock */ = {
			isa = PBXShellScriptBuildPhase;
			buildActionMask = 2147483647;
			files = (
			);
			inputPaths = (
			);
			name = "[CP] Check Pods Manifest.lock";
			outputPaths = (
			);
			runOnlyForDeploymentPostprocessing = 0;
			shellPath = /bin/sh;
			shellScript = "diff \"${PODS_ROOT}/../Podfile.lock\" \"${PODS_ROOT}/Manifest.lock\" > /dev/null\nif [[ $? != 0 ]] ; then\n    cat << EOM\nerror: The sandbox is not in sync with the Podfile.lock. Run 'pod install' or update your CocoaPods installation.\nEOM\n    exit 1\nfi\n";
			showEnvVarsInLog = 0;
		};
		DACB6FCDB4B6CB9E67F36D71 /* [CP] Embed Pods Frameworks */ = {
			isa = PBXShellScriptBuildPhase;
			buildActionMask = 2147483647;
			files = (
			);
			inputPaths = (
			);
			name = "[CP] Embed Pods Frameworks";
			outputPaths = (
			);
			runOnlyForDeploymentPostprocessing = 0;
			shellPath = /bin/sh;
			shellScript = "\"${SRCROOT}/Pods/Target Support Files/Pods-13RAC常见宏/Pods-13RAC常见宏-frameworks.sh\"\n";
			showEnvVarsInLog = 0;
		};
/* End PBXShellScriptBuildPhase section */

/* Begin PBXSourcesBuildPhase section */
		3038C71E1FF3412C00B2C09C /* Sources */ = {
			isa = PBXSourcesBuildPhase;
			buildActionMask = 2147483647;
			files = (
				3038C73E1FF3500000B2C09C /* NextViewCtrl.m in Sources */,
				3038C72D1FF3412C00B2C09C /* ViewController.m in Sources */,
				3038C72A1FF3412C00B2C09C /* AppDelegate.m in Sources */,
				3038C7271FF3412C00B2C09C /* main.m in Sources */,
			);
			runOnlyForDeploymentPostprocessing = 0;
		};
/* End PBXSourcesBuildPhase section */

/* Begin PBXVariantGroup section */
		3038C72E1FF3412C00B2C09C /* Main.storyboard */ = {
			isa = PBXVariantGroup;
			children = (
				3038C72F1FF3412C00B2C09C /* Base */,
			);
			name = Main.storyboard;
			sourceTree = "<group>";
		};
		3038C7331FF3412C00B2C09C /* LaunchScreen.storyboard */ = {
			isa = PBXVariantGroup;
			children = (
				3038C7341FF3412C00B2C09C /* Base */,
			);
			name = LaunchScreen.storyboard;
			sourceTree = "<group>";
		};
/* End PBXVariantGroup section */

/* Begin XCBuildConfiguration section */
		3038C7371FF3412C00B2C09C /* Debug */ = {
			isa = XCBuildConfiguration;
			buildSettings = {
				ALWAYS_SEARCH_USER_PATHS = NO;
				CLANG_ANALYZER_NONNULL = YES;
				CLANG_ANALYZER_NUMBER_OBJECT_CONVERSION = YES_AGGRESSIVE;
				CLANG_CXX_LANGUAGE_STANDARD = "gnu++0x";
				CLANG_CXX_LIBRARY = "libc++";
				CLANG_ENABLE_MODULES = YES;
				CLANG_ENABLE_OBJC_ARC = YES;
				CLANG_WARN_BOOL_CONVERSION = YES;
				CLANG_WARN_CONSTANT_CONVERSION = YES;
				CLANG_WARN_DIRECT_OBJC_ISA_USAGE = YES_ERROR;
				CLANG_WARN_DOCUMENTATION_COMMENTS = YES;
				CLANG_WARN_EMPTY_BODY = YES;
				CLANG_WARN_ENUM_CONVERSION = YES;
				CLANG_WARN_INFINITE_RECURSION = YES;
				CLANG_WARN_INT_CONVERSION = YES;
				CLANG_WARN_OBJC_ROOT_CLASS = YES_ERROR;
				CLANG_WARN_SUSPICIOUS_MOVE = YES;
				CLANG_WARN_UNREACHABLE_CODE = YES;
				CLANG_WARN__DUPLICATE_METHOD_MATCH = YES;
				"CODE_SIGN_IDENTITY[sdk=iphoneos*]" = "iPhone Developer";
				COPY_PHASE_STRIP = NO;
				DEBUG_INFORMATION_FORMAT = dwarf;
				ENABLE_STRICT_OBJC_MSGSEND = YES;
				ENABLE_TESTABILITY = YES;
				GCC_C_LANGUAGE_STANDARD = gnu99;
				GCC_DYNAMIC_NO_PIC = NO;
				GCC_NO_COMMON_BLOCKS = YES;
				GCC_OPTIMIZATION_LEVEL = 0;
				GCC_PREPROCESSOR_DEFINITIONS = (
					"DEBUG=1",
					"$(inherited)",
				);
				GCC_WARN_64_TO_32_BIT_CONVERSION = YES;
				GCC_WARN_ABOUT_RETURN_TYPE = YES_ERROR;
				GCC_WARN_UNDECLARED_SELECTOR = YES;
				GCC_WARN_UNINITIALIZED_AUTOS = YES_AGGRESSIVE;
				GCC_WARN_UNUSED_FUNCTION = YES;
				GCC_WARN_UNUSED_VARIABLE = YES;
				IPHONEOS_DEPLOYMENT_TARGET = 10.3;
				MTL_ENABLE_DEBUG_INFO = YES;
				ONLY_ACTIVE_ARCH = YES;
				SDKROOT = iphoneos;
				TARGETED_DEVICE_FAMILY = "1,2";
			};
			name = Debug;
		};
		3038C7381FF3412C00B2C09C /* Release */ = {
			isa = XCBuildConfiguration;
			buildSettings = {
				ALWAYS_SEARCH_USER_PATHS = NO;
				CLANG_ANALYZER_NONNULL = YES;
				CLANG_ANALYZER_NUMBER_OBJECT_CONVERSION = YES_AGGRESSIVE;
				CLANG_CXX_LANGUAGE_STANDARD = "gnu++0x";
				CLANG_CXX_LIBRARY = "libc++";
				CLANG_ENABLE_MODULES = YES;
				CLANG_ENABLE_OBJC_ARC = YES;
				CLANG_WARN_BOOL_CONVERSION = YES;
				CLANG_WARN_CONSTANT_CONVERSION = YES;
				CLANG_WARN_DIRECT_OBJC_ISA_USAGE = YES_ERROR;
				CLANG_WARN_DOCUMENTATION_COMMENTS = YES;
				CLANG_WARN_EMPTY_BODY = YES;
				CLANG_WARN_ENUM_CONVERSION = YES;
				CLANG_WARN_INFINITE_RECURSION = YES;
				CLANG_WARN_INT_CONVERSION = YES;
				CLANG_WARN_OBJC_ROOT_CLASS = YES_ERROR;
				CLANG_WARN_SUSPICIOUS_MOVE = YES;
				CLANG_WARN_UNREACHABLE_CODE = YES;
				CLANG_WARN__DUPLICATE_METHOD_MATCH = YES;
				"CODE_SIGN_IDENTITY[sdk=iphoneos*]" = "iPhone Developer";
				COPY_PHASE_STRIP = NO;
				DEBUG_INFORMATION_FORMAT = "dwarf-with-dsym";
				ENABLE_NS_ASSERTIONS = NO;
				ENABLE_STRICT_OBJC_MSGSEND = YES;
				GCC_C_LANGUAGE_STANDARD = gnu99;
				GCC_NO_COMMON_BLOCKS = YES;
				GCC_WARN_64_TO_32_BIT_CONVERSION = YES;
				GCC_WARN_ABOUT_RETURN_TYPE = YES_ERROR;
				GCC_WARN_UNDECLARED_SELECTOR = YES;
				GCC_WARN_UNINITIALIZED_AUTOS = YES_AGGRESSIVE;
				GCC_WARN_UNUSED_FUNCTION = YES;
				GCC_WARN_UNUSED_VARIABLE = YES;
				IPHONEOS_DEPLOYMENT_TARGET = 10.3;
				MTL_ENABLE_DEBUG_INFO = NO;
				SDKROOT = iphoneos;
				TARGETED_DEVICE_FAMILY = "1,2";
				VALIDATE_PRODUCT = YES;
			};
			name = Release;
		};
		3038C73A1FF3412C00B2C09C /* Debug */ = {
			isa = XCBuildConfiguration;
			baseConfigurationReference = 3AA9D7E515854F7522E5B761 /* Pods-13RAC常见宏.debug.xcconfig */;
			buildSettings = {
				ASSETCATALOG_COMPILER_APPICON_NAME = AppIcon;
				INFOPLIST_FILE = "13RAC常见宏/Info.plist";
				LD_RUNPATH_SEARCH_PATHS = "$(inherited) @executable_path/Frameworks";
				PRODUCT_BUNDLE_IDENTIFIER = "com.sg31.-3RAC---";
				PRODUCT_NAME = "$(TARGET_NAME)";
				USER_HEADER_SEARCH_PATHS = "${SRCROOT}/**";
			};
			name = Debug;
		};
		3038C73B1FF3412C00B2C09C /* Release */ = {
			isa = XCBuildConfiguration;
			baseConfigurationReference = 735F7F0F17912C1DE53EC108 /* Pods-13RAC常见宏.release.xcconfig */;
			buildSettings = {
				ASSETCATALOG_COMPILER_APPICON_NAME = AppIcon;
				INFOPLIST_FILE = "13RAC常见宏/Info.plist";
				LD_RUNPATH_SEARCH_PATHS = "$(inherited) @executable_path/Frameworks";
				PRODUCT_BUNDLE_IDENTIFIER = "com.sg31.-3RAC---";
				PRODUCT_NAME = "$(TARGET_NAME)";
				USER_HEADER_SEARCH_PATHS = "${SRCROOT}/**";
			};
			name = Release;
		};
/* End XCBuildConfiguration section */

/* Begin XCConfigurationList section */
		3038C71D1FF3412C00B2C09C /* Build configuration list for PBXProject "13RAC常见宏" */ = {
			isa = XCConfigurationList;
			buildConfigurations = (
				3038C7371FF3412C00B2C09C /* Debug */,
				3038C7381FF3412C00B2C09C /* Release */,
			);
			defaultConfigurationIsVisible = 0;
			defaultConfigurationName = Release;
		};
		3038C7391FF3412C00B2C09C /* Build configuration list for PBXNativeTarget "13RAC常见宏" */ = {
			isa = XCConfigurationList;
			buildConfigurations = (
				3038C73A1FF3412C00B2C09C /* Debug */,
				3038C73B1FF3412C00B2C09C /* Release */,
			);
			defaultConfigurationIsVisible = 0;
			defaultConfigurationName = Release;
		};
/* End XCConfigurationList section */
	};
	rootObject = 3038C71A1FF3412C00B2C09C /* Project object */;
}
