// !$*UTF8*$!
{
	archiveVersion = 1;
	classes = {
	};
	objectVersion = 46;
	objects = {

/* Begin PBXBuildFile section */
		309293EA1FF221B1007B060E /* main.m in Sources */ = {isa = PBXBuildFile; fileRef = 309293E91FF221B1007B060E /* main.m */; };
		309293ED1FF221B1007B060E /* AppDelegate.m in Sources */ = {isa = PBXBuildFile; fileRef = 309293EC1FF221B1007B060E /* AppDelegate.m */; };
		309293F01FF221B1007B060E /* ViewController.m in Sources */ = {isa = PBXBuildFile; fileRef = 309293EF1FF221B1007B060E /* ViewController.m */; };
		309293F31FF221B1007B060E /* Main.storyboard in Resources */ = {isa = PBXBuildFile; fileRef = 309293F11FF221B1007B060E /* Main.storyboard */; };
		309293F51FF221B1007B060E /* Assets.xcassets in Resources */ = {isa = PBXBuildFile; fileRef = 309293F41FF221B1007B060E /* Assets.xcassets */; };
		309293F81FF221B1007B060E /* LaunchScreen.storyboard in Resources */ = {isa = PBXBuildFile; fileRef = 309293F61FF221B1007B060E /* LaunchScreen.storyboard */; };
		309294011FF2225B007B060E /* RedView.m in Sources */ = {isa = PBXBuildFile; fileRef = 309294001FF2225B007B060E /* RedView.m */; };
		B619A083912DE1EA3657A4B7 /* Pods_09RACSubjectDemo.framework in Frameworks */ = {isa = PBXBuildFile; fileRef = B0CEDA1B931D8643E9CD673C /* Pods_09RACSubjectDemo.framework */; };
/* End PBXBuildFile section */

/* Begin PBXFileReference section */
		309293E51FF221B1007B060E /* 09RACSubjectDemo.app */ = {isa = PBXFileReference; explicitFileType = wrapper.application; includeInIndex = 0; path = 09RACSubjectDemo.app; sourceTree = BUILT_PRODUCTS_DIR; };
		309293E91FF221B1007B060E /* main.m */ = {isa = PBXFileReference; lastKnownFileType = sourcecode.c.objc; path = main.m; sourceTree = "<group>"; };
		309293EB1FF221B1007B060E /* AppDelegate.h */ = {isa = PBXFileReference; lastKnownFileType = sourcecode.c.h; path = AppDelegate.h; sourceTree = "<group>"; };
		309293EC1FF221B1007B060E /* AppDelegate.m */ = {isa = PBXFileReference; lastKnownFileType = sourcecode.c.objc; path = AppDelegate.m; sourceTree = "<group>"; };
		309293EE1FF221B1007B060E /* ViewController.h */ = {isa = PBXFileReference; lastKnownFileType = sourcecode.c.h; path = ViewController.h; sourceTree = "<group>"; };
		309293EF1FF221B1007B060E /* ViewController.m */ = {isa = PBXFileReference; lastKnownFileType = sourcecode.c.objc; path = ViewController.m; sourceTree = "<group>"; };
		309293F21FF221B1007B060E /* Base */ = {isa = PBXFileReference; lastKnownFileType = file.storyboard; name = Base; path = Base.lproj/Main.storyboard; sourceTree = "<group>"; };
		309293F41FF221B1007B060E /* Assets.xcassets */ = {isa = PBXFileReference; lastKnownFileType = folder.assetcatalog; path = Assets.xcassets; sourceTree = "<group>"; };
		309293F71FF221B1007B060E /* Base */ = {isa = PBXFileReference; lastKnownFileType = file.storyboard; name = Base; path = Base.lproj/LaunchScreen.storyboard; sourceTree = "<group>"; };
		309293F91FF221B1007B060E /* Info.plist */ = {isa = PBXFileReference; lastKnownFileType = text.plist.xml; path = Info.plist; sourceTree = "<group>"; };
		309293FF1FF2225B007B060E /* RedView.h */ = {isa = PBXFileReference; fileEncoding = 4; lastKnownFileType = sourcecode.c.h; path = RedView.h; sourceTree = "<group>"; };
		309294001FF2225B007B060E /* RedView.m */ = {isa = PBXFileReference; fileEncoding = 4; lastKnownFileType = sourcecode.c.objc; path = RedView.m; sourceTree = "<group>"; };
		8467B7C61027260FD5325ADA /* Pods-09RACSubjectDemo.debug.xcconfig */ = {isa = PBXFileReference; includeInIndex = 1; lastKnownFileType = text.xcconfig; name = "Pods-09RACSubjectDemo.debug.xcconfig"; path = "Pods/Target Support Files/Pods-09RACSubjectDemo/Pods-09RACSubjectDemo.debug.xcconfig"; sourceTree = "<group>"; };
		8AA03F87493802517A2AECC6 /* Pods-09RACSubjectDemo.release.xcconfig */ = {isa = PBXFileReference; includeInIndex = 1; lastKnownFileType = text.xcconfig; name = "Pods-09RACSubjectDemo.release.xcconfig"; path = "Pods/Target Support Files/Pods-09RACSubjectDemo/Pods-09RACSubjectDemo.release.xcconfig"; sourceTree = "<group>"; };
		B0CEDA1B931D8643E9CD673C /* Pods_09RACSubjectDemo.framework */ = {isa = PBXFileReference; explicitFileType = wrapper.framework; includeInIndex = 0; path = Pods_09RACSubjectDemo.framework; sourceTree = BUILT_PRODUCTS_DIR; };
/* End PBXFileReference section */

/* Begin PBXFrameworksBuildPhase section */
		309293E21FF221B1007B060E /* Frameworks */ = {
			isa = PBXFrameworksBuildPhase;
			buildActionMask = 2147483647;
			files = (
				B619A083912DE1EA3657A4B7 /* Pods_09RACSubjectDemo.framework in Frameworks */,
			);
			runOnlyForDeploymentPostprocessing = 0;
		};
/* End PBXFrameworksBuildPhase section */

/* Begin PBXGroup section */
		309293DC1FF221B1007B060E = {
			isa = PBXGroup;
			children = (
				309293E71FF221B1007B060E /* 09RACSubjectDemo */,
				309293E61FF221B1007B060E /* Products */,
				7C63FC70531C03EE90DE9DF7 /* Pods */,
				8E689886415E7D10CA483EAA /* Frameworks */,
			);
			sourceTree = "<group>";
		};
		309293E61FF221B1007B060E /* Products */ = {
			isa = PBXGroup;
			children = (
				309293E51FF221B1007B060E /* 09RACSubjectDemo.app */,
			);
			name = Products;
			sourceTree = "<group>";
		};
		309293E71FF221B1007B060E /* 09RACSubjectDemo */ = {
			isa = PBXGroup;
			children = (
				309293EB1FF221B1007B060E /* AppDelegate.h */,
				309293EC1FF221B1007B060E /* AppDelegate.m */,
				309293EE1FF221B1007B060E /* ViewController.h */,
				309293EF1FF221B1007B060E /* ViewController.m */,
				309293FF1FF2225B007B060E /* RedView.h */,
				309294001FF2225B007B060E /* RedView.m */,
				309293F11FF221B1007B060E /* Main.storyboard */,
				309293F41FF221B1007B060E /* Assets.xcassets */,
				309293F61FF221B1007B060E /* LaunchScreen.storyboard */,
				309293F91FF221B1007B060E /* Info.plist */,
				309293E81FF221B1007B060E /* Supporting Files */,
			);
			path = 09RACSubjectDemo;
			sourceTree = "<group>";
		};
		309293E81FF221B1007B060E /* Supporting Files */ = {
			isa = PBXGroup;
			children = (
				309293E91FF221B1007B060E /* main.m */,
			);
			name = "Supporting Files";
			sourceTree = "<group>";
		};
		7C63FC70531C03EE90DE9DF7 /* Pods */ = {
			isa = PBXGroup;
			children = (
				8467B7C61027260FD5325ADA /* Pods-09RACSubjectDemo.debug.xcconfig */,
				8AA03F87493802517A2AECC6 /* Pods-09RACSubjectDemo.release.xcconfig */,
			);
			name = Pods;
			sourceTree = "<group>";
		};
		8E689886415E7D10CA483EAA /* Frameworks */ = {
			isa = PBXGroup;
			children = (
				B0CEDA1B931D8643E9CD673C /* Pods_09RACSubjectDemo.framework */,
			);
			name = Frameworks;
			sourceTree = "<group>";
		};
/* End PBXGroup section */

/* Begin PBXNativeTarget section */
		309293E41FF221B1007B060E /* 09RACSubjectDemo */ = {
			isa = PBXNativeTarget;
			buildConfigurationList = 309293FC1FF221B1007B060E /* Build configuration list for PBXNativeTarget "09RACSubjectDemo" */;
			buildPhases = (
				2C97E78735960106F562EE68 /* [CP] Check Pods Manifest.lock */,
				309293E11FF221B1007B060E /* Sources */,
				309293E21FF221B1007B060E /* Frameworks */,
				309293E31FF221B1007B060E /* Resources */,
				FC683A36814377BAA413C488 /* [CP] Embed Pods Frameworks */,
				7657C9A987497F10EBC10618 /* [CP] Copy Pods Resources */,
			);
			buildRules = (
			);
			dependencies = (
			);
			name = 09RACSubjectDemo;
			productName = 09RACSubjectDemo;
			productReference = 309293E51FF221B1007B060E /* 09RACSubjectDemo.app */;
			productType = "com.apple.product-type.application";
		};
/* End PBXNativeTarget section */

/* Begin PBXProject section */
		309293DD1FF221B1007B060E /* Project object */ = {
			isa = PBXProject;
			attributes = {
				LastUpgradeCheck = 0830;
				ORGANIZATIONNAME = beyond;
				TargetAttributes = {
					309293E41FF221B1007B060E = {
						CreatedOnToolsVersion = 8.3.3;
						ProvisioningStyle = Automatic;
					};
				};
			};
			buildConfigurationList = 309293E01FF221B1007B060E /* Build configuration list for PBXProject "09RACSubjectDemo" */;
			compatibilityVersion = "Xcode 3.2";
			developmentRegion = English;
			hasScannedForEncodings = 0;
			knownRegions = (
				en,
				Base,
			);
			mainGroup = 309293DC1FF221B1007B060E;
			productRefGroup = 309293E61FF221B1007B060E /* Products */;
			projectDirPath = "";
			projectRoot = "";
			targets = (
				309293E41FF221B1007B060E /* 09RACSubjectDemo */,
			);
		};
/* End PBXProject section */

/* Begin PBXResourcesBuildPhase section */
		309293E31FF221B1007B060E /* Resources */ = {
			isa = PBXResourcesBuildPhase;
			buildActionMask = 2147483647;
			files = (
				309293F81FF221B1007B060E /* LaunchScreen.storyboard in Resources */,
				309293F51FF221B1007B060E /* Assets.xcassets in Resources */,
				309293F31FF221B1007B060E /* Main.storyboard in Resources */,
			);
			runOnlyForDeploymentPostprocessing = 0;
		};
/* End PBXResourcesBuildPhase section */

/* Begin PBXShellScriptBuildPhase section */
		2C97E78735960106F562EE68 /* [CP] Check Pods Manifest.lock */ = {
			isa = PBXShellScriptBuildPhase;
			buildActionMask = 2147483647;
			files = (
			);
			inputPaths = (
			);
			name = "[CP] Check Pods Manifest.lock";
			outputPaths = (
			);
			runOnlyForDeploymentPostprocessing = 0;
			shellPath = /bin/sh;
			shellScript = "diff \"${PODS_ROOT}/../Podfile.lock\" \"${PODS_ROOT}/Manifest.lock\" > /dev/null\nif [[ $? != 0 ]] ; then\n    cat << EOM\nerror: The sandbox is not in sync with the Podfile.lock. Run 'pod install' or update your CocoaPods installation.\nEOM\n    exit 1\nfi\n";
			showEnvVarsInLog = 0;
		};
		7657C9A987497F10EBC10618 /* [CP] Copy Pods Resources */ = {
			isa = PBXShellScriptBuildPhase;
			buildActionMask = 2147483647;
			files = (
			);
			inputPaths = (
			);
			name = "[CP] Copy Pods Resources";
			outputPaths = (
			);
			runOnlyForDeploymentPostprocessing = 0;
			shellPath = /bin/sh;
			shellScript = "\"${SRCROOT}/Pods/Target Support Files/Pods-09RACSubjectDemo/Pods-09RACSubjectDemo-resources.sh\"\n";
			showEnvVarsInLog = 0;
		};
		FC683A36814377BAA413C488 /* [CP] Embed Pods Frameworks */ = {
			isa = PBXShellScriptBuildPhase;
			buildActionMask = 2147483647;
			files = (
			);
			inputPaths = (
			);
			name = "[CP] Embed Pods Frameworks";
			outputPaths = (
			);
			runOnlyForDeploymentPostprocessing = 0;
			shellPath = /bin/sh;
			shellScript = "\"${SRCROOT}/Pods/Target Support Files/Pods-09RACSubjectDemo/Pods-09RACSubjectDemo-frameworks.sh\"\n";
			showEnvVarsInLog = 0;
		};
/* End PBXShellScriptBuildPhase section */

/* Begin PBXSourcesBuildPhase section */
		309293E11FF221B1007B060E /* Sources */ = {
			isa = PBXSourcesBuildPhase;
			buildActionMask = 2147483647;
			files = (
				309293F01FF221B1007B060E /* ViewController.m in Sources */,
				309293ED1FF221B1007B060E /* AppDelegate.m in Sources */,
				309294011FF2225B007B060E /* RedView.m in Sources */,
				309293EA1FF221B1007B060E /* main.m in Sources */,
			);
			runOnlyForDeploymentPostprocessing = 0;
		};
/* End PBXSourcesBuildPhase section */

/* Begin PBXVariantGroup section */
		309293F11FF221B1007B060E /* Main.storyboard */ = {
			isa = PBXVariantGroup;
			children = (
				309293F21FF221B1007B060E /* Base */,
			);
			name = Main.storyboard;
			sourceTree = "<group>";
		};
		309293F61FF221B1007B060E /* LaunchScreen.storyboard */ = {
			isa = PBXVariantGroup;
			children = (
				309293F71FF221B1007B060E /* Base */,
			);
			name = LaunchScreen.storyboard;
			sourceTree = "<group>";
		};
/* End PBXVariantGroup section */

/* Begin XCBuildConfiguration section */
		309293FA1FF221B1007B060E /* Debug */ = {
			isa = XCBuildConfiguration;
			buildSettings = {
				ALWAYS_SEARCH_USER_PATHS = NO;
				CLANG_ANALYZER_NONNULL = YES;
				CLANG_ANALYZER_NUMBER_OBJECT_CONVERSION = YES_AGGRESSIVE;
				CLANG_CXX_LANGUAGE_STANDARD = "gnu++0x";
				CLANG_CXX_LIBRARY = "libc++";
				CLANG_ENABLE_MODULES = YES;
				CLANG_ENABLE_OBJC_ARC = YES;
				CLANG_WARN_BOOL_CONVERSION = YES;
				CLANG_WARN_CONSTANT_CONVERSION = YES;
				CLANG_WARN_DIRECT_OBJC_ISA_USAGE = YES_ERROR;
				CLANG_WARN_DOCUMENTATION_COMMENTS = YES;
				CLANG_WARN_EMPTY_BODY = YES;
				CLANG_WARN_ENUM_CONVERSION = YES;
				CLANG_WARN_INFINITE_RECURSION = YES;
				CLANG_WARN_INT_CONVERSION = YES;
				CLANG_WARN_OBJC_ROOT_CLASS = YES_ERROR;
				CLANG_WARN_SUSPICIOUS_MOVE = YES;
				CLANG_WARN_UNREACHABLE_CODE = YES;
				CLANG_WARN__DUPLICATE_METHOD_MATCH = YES;
				"CODE_SIGN_IDENTITY[sdk=iphoneos*]" = "iPhone Developer";
				COPY_PHASE_STRIP = NO;
				DEBUG_INFORMATION_FORMAT = dwarf;
				ENABLE_STRICT_OBJC_MSGSEND = YES;
				ENABLE_TESTABILITY = YES;
				GCC_C_LANGUAGE_STANDARD = gnu99;
				GCC_DYNAMIC_NO_PIC = NO;
				GCC_NO_COMMON_BLOCKS = YES;
				GCC_OPTIMIZATION_LEVEL = 0;
				GCC_PREPROCESSOR_DEFINITIONS = (
					"DEBUG=1",
					"$(inherited)",
				);
				GCC_WARN_64_TO_32_BIT_CONVERSION = YES;
				GCC_WARN_ABOUT_RETURN_TYPE = YES_ERROR;
				GCC_WARN_UNDECLARED_SELECTOR = YES;
				GCC_WARN_UNINITIALIZED_AUTOS = YES_AGGRESSIVE;
				GCC_WARN_UNUSED_FUNCTION = YES;
				GCC_WARN_UNUSED_VARIABLE = YES;
				IPHONEOS_DEPLOYMENT_TARGET = 10.3;
				MTL_ENABLE_DEBUG_INFO = YES;
				ONLY_ACTIVE_ARCH = YES;
				SDKROOT = iphoneos;
				TARGETED_DEVICE_FAMILY = "1,2";
			};
			name = Debug;
		};
		309293FB1FF221B1007B060E /* Release */ = {
			isa = XCBuildConfiguration;
			buildSettings = {
				ALWAYS_SEARCH_USER_PATHS = NO;
				CLANG_ANALYZER_NONNULL = YES;
				CLANG_ANALYZER_NUMBER_OBJECT_CONVERSION = YES_AGGRESSIVE;
				CLANG_CXX_LANGUAGE_STANDARD = "gnu++0x";
				CLANG_CXX_LIBRARY = "libc++";
				CLANG_ENABLE_MODULES = YES;
				CLANG_ENABLE_OBJC_ARC = YES;
				CLANG_WARN_BOOL_CONVERSION = YES;
				CLANG_WARN_CONSTANT_CONVERSION = YES;
				CLANG_WARN_DIRECT_OBJC_ISA_USAGE = YES_ERROR;
				CLANG_WARN_DOCUMENTATION_COMMENTS = YES;
				CLANG_WARN_EMPTY_BODY = YES;
				CLANG_WARN_ENUM_CONVERSION = YES;
				CLANG_WARN_INFINITE_RECURSION = YES;
				CLANG_WARN_INT_CONVERSION = YES;
				CLANG_WARN_OBJC_ROOT_CLASS = YES_ERROR;
				CLANG_WARN_SUSPICIOUS_MOVE = YES;
				CLANG_WARN_UNREACHABLE_CODE = YES;
				CLANG_WARN__DUPLICATE_METHOD_MATCH = YES;
				"CODE_SIGN_IDENTITY[sdk=iphoneos*]" = "iPhone Developer";
				COPY_PHASE_STRIP = NO;
				DEBUG_INFORMATION_FORMAT = "dwarf-with-dsym";
				ENABLE_NS_ASSERTIONS = NO;
				ENABLE_STRICT_OBJC_MSGSEND = YES;
				GCC_C_LANGUAGE_STANDARD = gnu99;
				GCC_NO_COMMON_BLOCKS = YES;
				GCC_WARN_64_TO_32_BIT_CONVERSION = YES;
				GCC_WARN_ABOUT_RETURN_TYPE = YES_ERROR;
				GCC_WARN_UNDECLARED_SELECTOR = YES;
				GCC_WARN_UNINITIALIZED_AUTOS = YES_AGGRESSIVE;
				GCC_WARN_UNUSED_FUNCTION = YES;
				GCC_WARN_UNUSED_VARIABLE = YES;
				IPHONEOS_DEPLOYMENT_TARGET = 10.3;
				MTL_ENABLE_DEBUG_INFO = NO;
				SDKROOT = iphoneos;
				TARGETED_DEVICE_FAMILY = "1,2";
				VALIDATE_PRODUCT = YES;
			};
			name = Release;
		};
		309293FD1FF221B1007B060E /* Debug */ = {
			isa = XCBuildConfiguration;
			baseConfigurationReference = 8467B7C61027260FD5325ADA /* Pods-09RACSubjectDemo.debug.xcconfig */;
			buildSettings = {
				ASSETCATALOG_COMPILER_APPICON_NAME = AppIcon;
				INFOPLIST_FILE = 09RACSubjectDemo/Info.plist;
				LD_RUNPATH_SEARCH_PATHS = "$(inherited) @executable_path/Frameworks";
				PRODUCT_BUNDLE_IDENTIFIER = "com.sg31.-9RACSubjectDemo";
				PRODUCT_NAME = "$(TARGET_NAME)";
				USER_HEADER_SEARCH_PATHS = "${SRCROOT}/**";
			};
			name = Debug;
		};
		309293FE1FF221B1007B060E /* Release */ = {
			isa = XCBuildConfiguration;
			baseConfigurationReference = 8AA03F87493802517A2AECC6 /* Pods-09RACSubjectDemo.release.xcconfig */;
			buildSettings = {
				ASSETCATALOG_COMPILER_APPICON_NAME = AppIcon;
				INFOPLIST_FILE = 09RACSubjectDemo/Info.plist;
				LD_RUNPATH_SEARCH_PATHS = "$(inherited) @executable_path/Frameworks";
				PRODUCT_BUNDLE_IDENTIFIER = "com.sg31.-9RACSubjectDemo";
				PRODUCT_NAME = "$(TARGET_NAME)";
				USER_HEADER_SEARCH_PATHS = "${SRCROOT}/**";
			};
			name = Release;
		};
/* End XCBuildConfiguration section */

/* Begin XCConfigurationList section */
		309293E01FF221B1007B060E /* Build configuration list for PBXProject "09RACSubjectDemo" */ = {
			isa = XCConfigurationList;
			buildConfigurations = (
				309293FA1FF221B1007B060E /* Debug */,
				309293FB1FF221B1007B060E /* Release */,
			);
			defaultConfigurationIsVisible = 0;
			defaultConfigurationName = Release;
		};
		309293FC1FF221B1007B060E /* Build configuration list for PBXNativeTarget "09RACSubjectDemo" */ = {
			isa = XCConfigurationList;
			buildConfigurations = (
				309293FD1FF221B1007B060E /* Debug */,
				309293FE1FF221B1007B060E /* Release */,
			);
			defaultConfigurationIsVisible = 0;
			defaultConfigurationName = Release;
		};
/* End XCConfigurationList section */
	};
	rootObject = 309293DD1FF221B1007B060E /* Project object */;
}
