// !$*UTF8*$!
{
	archiveVersion = 1;
	classes = {
	};
	objectVersion = 46;
	objects = {

/* Begin PBXBuildFile section */
		308F19711FDD3AC400FA4645 /* main.m in Sources */ = {isa = PBXBuildFile; fileRef = 308F19701FDD3AC400FA4645 /* main.m */; };
		308F19741FDD3AC400FA4645 /* AppDelegate.m in Sources */ = {isa = PBXBuildFile; fileRef = 308F19731FDD3AC400FA4645 /* AppDelegate.m */; };
		308F19771FDD3AC400FA4645 /* ViewController.m in Sources */ = {isa = PBXBuildFile; fileRef = 308F19761FDD3AC400FA4645 /* ViewController.m */; };
		308F197A1FDD3AC400FA4645 /* Main.storyboard in Resources */ = {isa = PBXBuildFile; fileRef = 308F19781FDD3AC400FA4645 /* Main.storyboard */; };
		308F197C1FDD3AC400FA4645 /* Assets.xcassets in Resources */ = {isa = PBXBuildFile; fileRef = 308F197B1FDD3AC400FA4645 /* Assets.xcassets */; };
		308F197F1FDD3AC400FA4645 /* LaunchScreen.storyboard in Resources */ = {isa = PBXBuildFile; fileRef = 308F197D1FDD3AC400FA4645 /* LaunchScreen.storyboard */; };
		308F19881FDD3B0600FA4645 /* NSObject+Calculator.m in Sources */ = {isa = PBXBuildFile; fileRef = 308F19871FDD3B0600FA4645 /* NSObject+Calculator.m */; };
		308F198D1FDD3B4E00FA4645 /* CalculatorMaker.m in Sources */ = {isa = PBXBuildFile; fileRef = 308F198C1FDD3B4E00FA4645 /* CalculatorMaker.m */; };
/* End PBXBuildFile section */

/* Begin PBXFileReference section */
		308F196C1FDD3AC400FA4645 /* 02Calculator.app */ = {isa = PBXFileReference; explicitFileType = wrapper.application; includeInIndex = 0; path = 02Calculator.app; sourceTree = BUILT_PRODUCTS_DIR; };
		308F19701FDD3AC400FA4645 /* main.m */ = {isa = PBXFileReference; lastKnownFileType = sourcecode.c.objc; path = main.m; sourceTree = "<group>"; };
		308F19721FDD3AC400FA4645 /* AppDelegate.h */ = {isa = PBXFileReference; lastKnownFileType = sourcecode.c.h; path = AppDelegate.h; sourceTree = "<group>"; };
		308F19731FDD3AC400FA4645 /* AppDelegate.m */ = {isa = PBXFileReference; lastKnownFileType = sourcecode.c.objc; path = AppDelegate.m; sourceTree = "<group>"; };
		308F19751FDD3AC400FA4645 /* ViewController.h */ = {isa = PBXFileReference; lastKnownFileType = sourcecode.c.h; path = ViewController.h; sourceTree = "<group>"; };
		308F19761FDD3AC400FA4645 /* ViewController.m */ = {isa = PBXFileReference; lastKnownFileType = sourcecode.c.objc; path = ViewController.m; sourceTree = "<group>"; };
		308F19791FDD3AC400FA4645 /* Base */ = {isa = PBXFileReference; lastKnownFileType = file.storyboard; name = Base; path = Base.lproj/Main.storyboard; sourceTree = "<group>"; };
		308F197B1FDD3AC400FA4645 /* Assets.xcassets */ = {isa = PBXFileReference; lastKnownFileType = folder.assetcatalog; path = Assets.xcassets; sourceTree = "<group>"; };
		308F197E1FDD3AC400FA4645 /* Base */ = {isa = PBXFileReference; lastKnownFileType = file.storyboard; name = Base; path = Base.lproj/LaunchScreen.storyboard; sourceTree = "<group>"; };
		308F19801FDD3AC400FA4645 /* Info.plist */ = {isa = PBXFileReference; lastKnownFileType = text.plist.xml; path = Info.plist; sourceTree = "<group>"; };
		308F19861FDD3B0600FA4645 /* NSObject+Calculator.h */ = {isa = PBXFileReference; fileEncoding = 4; lastKnownFileType = sourcecode.c.h; path = "NSObject+Calculator.h"; sourceTree = "<group>"; };
		308F19871FDD3B0600FA4645 /* NSObject+Calculator.m */ = {isa = PBXFileReference; fileEncoding = 4; lastKnownFileType = sourcecode.c.objc; path = "NSObject+Calculator.m"; sourceTree = "<group>"; };
		308F198B1FDD3B4E00FA4645 /* CalculatorMaker.h */ = {isa = PBXFileReference; fileEncoding = 4; lastKnownFileType = sourcecode.c.h; path = CalculatorMaker.h; sourceTree = "<group>"; };
		308F198C1FDD3B4E00FA4645 /* CalculatorMaker.m */ = {isa = PBXFileReference; fileEncoding = 4; lastKnownFileType = sourcecode.c.objc; path = CalculatorMaker.m; sourceTree = "<group>"; };
/* End PBXFileReference section */

/* Begin PBXFrameworksBuildPhase section */
		308F19691FDD3AC400FA4645 /* Frameworks */ = {
			isa = PBXFrameworksBuildPhase;
			buildActionMask = 2147483647;
			files = (
			);
			runOnlyForDeploymentPostprocessing = 0;
		};
/* End PBXFrameworksBuildPhase section */

/* Begin PBXGroup section */
		308F19631FDD3AC400FA4645 = {
			isa = PBXGroup;
			children = (
				308F196E1FDD3AC400FA4645 /* 02Calculator */,
				308F196D1FDD3AC400FA4645 /* Products */,
			);
			sourceTree = "<group>";
		};
		308F196D1FDD3AC400FA4645 /* Products */ = {
			isa = PBXGroup;
			children = (
				308F196C1FDD3AC400FA4645 /* 02Calculator.app */,
			);
			name = Products;
			sourceTree = "<group>";
		};
		308F196E1FDD3AC400FA4645 /* 02Calculator */ = {
			isa = PBXGroup;
			children = (
				308F19721FDD3AC400FA4645 /* AppDelegate.h */,
				308F19731FDD3AC400FA4645 /* AppDelegate.m */,
				308F19751FDD3AC400FA4645 /* ViewController.h */,
				308F19761FDD3AC400FA4645 /* ViewController.m */,
				308F19861FDD3B0600FA4645 /* NSObject+Calculator.h */,
				308F19871FDD3B0600FA4645 /* NSObject+Calculator.m */,
				308F198B1FDD3B4E00FA4645 /* CalculatorMaker.h */,
				308F198C1FDD3B4E00FA4645 /* CalculatorMaker.m */,
				308F19781FDD3AC400FA4645 /* Main.storyboard */,
				308F197B1FDD3AC400FA4645 /* Assets.xcassets */,
				308F197D1FDD3AC400FA4645 /* LaunchScreen.storyboard */,
				308F19801FDD3AC400FA4645 /* Info.plist */,
				308F196F1FDD3AC400FA4645 /* Supporting Files */,
			);
			path = 02Calculator;
			sourceTree = "<group>";
		};
		308F196F1FDD3AC400FA4645 /* Supporting Files */ = {
			isa = PBXGroup;
			children = (
				308F19701FDD3AC400FA4645 /* main.m */,
			);
			name = "Supporting Files";
			sourceTree = "<group>";
		};
/* End PBXGroup section */

/* Begin PBXNativeTarget section */
		308F196B1FDD3AC400FA4645 /* 02Calculator */ = {
			isa = PBXNativeTarget;
			buildConfigurationList = 308F19831FDD3AC400FA4645 /* Build configuration list for PBXNativeTarget "02Calculator" */;
			buildPhases = (
				308F19681FDD3AC400FA4645 /* Sources */,
				308F19691FDD3AC400FA4645 /* Frameworks */,
				308F196A1FDD3AC400FA4645 /* Resources */,
			);
			buildRules = (
			);
			dependencies = (
			);
			name = 02Calculator;
			productName = 02Calculator;
			productReference = 308F196C1FDD3AC400FA4645 /* 02Calculator.app */;
			productType = "com.apple.product-type.application";
		};
/* End PBXNativeTarget section */

/* Begin PBXProject section */
		308F19641FDD3AC400FA4645 /* Project object */ = {
			isa = PBXProject;
			attributes = {
				LastUpgradeCheck = 0830;
				ORGANIZATIONNAME = beyond;
				TargetAttributes = {
					308F196B1FDD3AC400FA4645 = {
						CreatedOnToolsVersion = 8.3.3;
						ProvisioningStyle = Automatic;
					};
				};
			};
			buildConfigurationList = 308F19671FDD3AC400FA4645 /* Build configuration list for PBXProject "02Calculator" */;
			compatibilityVersion = "Xcode 3.2";
			developmentRegion = English;
			hasScannedForEncodings = 0;
			knownRegions = (
				en,
				Base,
			);
			mainGroup = 308F19631FDD3AC400FA4645;
			productRefGroup = 308F196D1FDD3AC400FA4645 /* Products */;
			projectDirPath = "";
			projectRoot = "";
			targets = (
				308F196B1FDD3AC400FA4645 /* 02Calculator */,
			);
		};
/* End PBXProject section */

/* Begin PBXResourcesBuildPhase section */
		308F196A1FDD3AC400FA4645 /* Resources */ = {
			isa = PBXResourcesBuildPhase;
			buildActionMask = 2147483647;
			files = (
				308F197F1FDD3AC400FA4645 /* LaunchScreen.storyboard in Resources */,
				308F197C1FDD3AC400FA4645 /* Assets.xcassets in Resources */,
				308F197A1FDD3AC400FA4645 /* Main.storyboard in Resources */,
			);
			runOnlyForDeploymentPostprocessing = 0;
		};
/* End PBXResourcesBuildPhase section */

/* Begin PBXSourcesBuildPhase section */
		308F19681FDD3AC400FA4645 /* Sources */ = {
			isa = PBXSourcesBuildPhase;
			buildActionMask = 2147483647;
			files = (
				308F19771FDD3AC400FA4645 /* ViewController.m in Sources */,
				308F198D1FDD3B4E00FA4645 /* CalculatorMaker.m in Sources */,
				308F19881FDD3B0600FA4645 /* NSObject+Calculator.m in Sources */,
				308F19741FDD3AC400FA4645 /* AppDelegate.m in Sources */,
				308F19711FDD3AC400FA4645 /* main.m in Sources */,
			);
			runOnlyForDeploymentPostprocessing = 0;
		};
/* End PBXSourcesBuildPhase section */

/* Begin PBXVariantGroup section */
		308F19781FDD3AC400FA4645 /* Main.storyboard */ = {
			isa = PBXVariantGroup;
			children = (
				308F19791FDD3AC400FA4645 /* Base */,
			);
			name = Main.storyboard;
			sourceTree = "<group>";
		};
		308F197D1FDD3AC400FA4645 /* LaunchScreen.storyboard */ = {
			isa = PBXVariantGroup;
			children = (
				308F197E1FDD3AC400FA4645 /* Base */,
			);
			name = LaunchScreen.storyboard;
			sourceTree = "<group>";
		};
/* End PBXVariantGroup section */

/* Begin XCBuildConfiguration section */
		308F19811FDD3AC400FA4645 /* Debug */ = {
			isa = XCBuildConfiguration;
			buildSettings = {
				ALWAYS_SEARCH_USER_PATHS = NO;
				CLANG_ANALYZER_NONNULL = YES;
				CLANG_ANALYZER_NUMBER_OBJECT_CONVERSION = YES_AGGRESSIVE;
				CLANG_CXX_LANGUAGE_STANDARD = "gnu++0x";
				CLANG_CXX_LIBRARY = "libc++";
				CLANG_ENABLE_MODULES = YES;
				CLANG_ENABLE_OBJC_ARC = YES;
				CLANG_WARN_BOOL_CONVERSION = YES;
				CLANG_WARN_CONSTANT_CONVERSION = YES;
				CLANG_WARN_DIRECT_OBJC_ISA_USAGE = YES_ERROR;
				CLANG_WARN_DOCUMENTATION_COMMENTS = YES;
				CLANG_WARN_EMPTY_BODY = YES;
				CLANG_WARN_ENUM_CONVERSION = YES;
				CLANG_WARN_INFINITE_RECURSION = YES;
				CLANG_WARN_INT_CONVERSION = YES;
				CLANG_WARN_OBJC_ROOT_CLASS = YES_ERROR;
				CLANG_WARN_SUSPICIOUS_MOVE = YES;
				CLANG_WARN_UNREACHABLE_CODE = YES;
				CLANG_WARN__DUPLICATE_METHOD_MATCH = YES;
				"CODE_SIGN_IDENTITY[sdk=iphoneos*]" = "iPhone Developer";
				COPY_PHASE_STRIP = NO;
				DEBUG_INFORMATION_FORMAT = dwarf;
				ENABLE_STRICT_OBJC_MSGSEND = YES;
				ENABLE_TESTABILITY = YES;
				GCC_C_LANGUAGE_STANDARD = gnu99;
				GCC_DYNAMIC_NO_PIC = NO;
				GCC_NO_COMMON_BLOCKS = YES;
				GCC_OPTIMIZATION_LEVEL = 0;
				GCC_PREPROCESSOR_DEFINITIONS = (
					"DEBUG=1",
					"$(inherited)",
				);
				GCC_WARN_64_TO_32_BIT_CONVERSION = YES;
				GCC_WARN_ABOUT_RETURN_TYPE = YES_ERROR;
				GCC_WARN_UNDECLARED_SELECTOR = YES;
				GCC_WARN_UNINITIALIZED_AUTOS = YES_AGGRESSIVE;
				GCC_WARN_UNUSED_FUNCTION = YES;
				GCC_WARN_UNUSED_VARIABLE = YES;
				IPHONEOS_DEPLOYMENT_TARGET = 10.3;
				MTL_ENABLE_DEBUG_INFO = YES;
				ONLY_ACTIVE_ARCH = YES;
				SDKROOT = iphoneos;
				TARGETED_DEVICE_FAMILY = "1,2";
			};
			name = Debug;
		};
		308F19821FDD3AC400FA4645 /* Release */ = {
			isa = XCBuildConfiguration;
			buildSettings = {
				ALWAYS_SEARCH_USER_PATHS = NO;
				CLANG_ANALYZER_NONNULL = YES;
				CLANG_ANALYZER_NUMBER_OBJECT_CONVERSION = YES_AGGRESSIVE;
				CLANG_CXX_LANGUAGE_STANDARD = "gnu++0x";
				CLANG_CXX_LIBRARY = "libc++";
				CLANG_ENABLE_MODULES = YES;
				CLANG_ENABLE_OBJC_ARC = YES;
				CLANG_WARN_BOOL_CONVERSION = YES;
				CLANG_WARN_CONSTANT_CONVERSION = YES;
				CLANG_WARN_DIRECT_OBJC_ISA_USAGE = YES_ERROR;
				CLANG_WARN_DOCUMENTATION_COMMENTS = YES;
				CLANG_WARN_EMPTY_BODY = YES;
				CLANG_WARN_ENUM_CONVERSION = YES;
				CLANG_WARN_INFINITE_RECURSION = YES;
				CLANG_WARN_INT_CONVERSION = YES;
				CLANG_WARN_OBJC_ROOT_CLASS = YES_ERROR;
				CLANG_WARN_SUSPICIOUS_MOVE = YES;
				CLANG_WARN_UNREACHABLE_CODE = YES;
				CLANG_WARN__DUPLICATE_METHOD_MATCH = YES;
				"CODE_SIGN_IDENTITY[sdk=iphoneos*]" = "iPhone Developer";
				COPY_PHASE_STRIP = NO;
				DEBUG_INFORMATION_FORMAT = "dwarf-with-dsym";
				ENABLE_NS_ASSERTIONS = NO;
				ENABLE_STRICT_OBJC_MSGSEND = YES;
				GCC_C_LANGUAGE_STANDARD = gnu99;
				GCC_NO_COMMON_BLOCKS = YES;
				GCC_WARN_64_TO_32_BIT_CONVERSION = YES;
				GCC_WARN_ABOUT_RETURN_TYPE = YES_ERROR;
				GCC_WARN_UNDECLARED_SELECTOR = YES;
				GCC_WARN_UNINITIALIZED_AUTOS = YES_AGGRESSIVE;
				GCC_WARN_UNUSED_FUNCTION = YES;
				GCC_WARN_UNUSED_VARIABLE = YES;
				IPHONEOS_DEPLOYMENT_TARGET = 10.3;
				MTL_ENABLE_DEBUG_INFO = NO;
				SDKROOT = iphoneos;
				TARGETED_DEVICE_FAMILY = "1,2";
				VALIDATE_PRODUCT = YES;
			};
			name = Release;
		};
		308F19841FDD3AC400FA4645 /* Debug */ = {
			isa = XCBuildConfiguration;
			buildSettings = {
				ASSETCATALOG_COMPILER_APPICON_NAME = AppIcon;
				INFOPLIST_FILE = 02Calculator/Info.plist;
				LD_RUNPATH_SEARCH_PATHS = "$(inherited) @executable_path/Frameworks";
				PRODUCT_BUNDLE_IDENTIFIER = "com.sg31.-2Calculator";
				PRODUCT_NAME = "$(TARGET_NAME)";
			};
			name = Debug;
		};
		308F19851FDD3AC400FA4645 /* Release */ = {
			isa = XCBuildConfiguration;
			buildSettings = {
				ASSETCATALOG_COMPILER_APPICON_NAME = AppIcon;
				INFOPLIST_FILE = 02Calculator/Info.plist;
				LD_RUNPATH_SEARCH_PATHS = "$(inherited) @executable_path/Frameworks";
				PRODUCT_BUNDLE_IDENTIFIER = "com.sg31.-2Calculator";
				PRODUCT_NAME = "$(TARGET_NAME)";
			};
			name = Release;
		};
/* End XCBuildConfiguration section */

/* Begin XCConfigurationList section */
		308F19671FDD3AC400FA4645 /* Build configuration list for PBXProject "02Calculator" */ = {
			isa = XCConfigurationList;
			buildConfigurations = (
				308F19811FDD3AC400FA4645 /* Debug */,
				308F19821FDD3AC400FA4645 /* Release */,
			);
			defaultConfigurationIsVisible = 0;
			defaultConfigurationName = Release;
		};
		308F19831FDD3AC400FA4645 /* Build configuration list for PBXNativeTarget "02Calculator" */ = {
			isa = XCConfigurationList;
			buildConfigurations = (
				308F19841FDD3AC400FA4645 /* Debug */,
				308F19851FDD3AC400FA4645 /* Release */,
			);
			defaultConfigurationIsVisible = 0;
		};
/* End XCConfigurationList section */
	};
	rootObject = 308F19641FDD3AC400FA4645 /* Project object */;
}
